// !$*UTF8*$!
{
	archiveVersion = 1;
	classes = {
	};
	objectVersion = 46;
	objects = {

/* Begin PBXBuildFile section */
		6376D8B71989BDE000405622 /* Foundation.framework in Frameworks */ = {isa = PBXBuildFile; fileRef = 6376D8B61989BDE000405622 /* Foundation.framework */; };
		6376D8B91989BDE000405622 /* CoreGraphics.framework in Frameworks */ = {isa = PBXBuildFile; fileRef = 6376D8B81989BDE000405622 /* CoreGraphics.framework */; };
		6376D8BB1989BDE000405622 /* UIKit.framework in Frameworks */ = {isa = PBXBuildFile; fileRef = 6376D8BA1989BDE000405622 /* UIKit.framework */; };
		6376D8C11989BDE000405622 /* InfoPlist.strings in Resources */ = {isa = PBXBuildFile; fileRef = 6376D8BF1989BDE000405622 /* InfoPlist.strings */; };
		6376D8C31989BDE000405622 /* main.m in Sources */ = {isa = PBXBuildFile; fileRef = 6376D8C21989BDE000405622 /* main.m */; };
		6376D8C71989BDE000405622 /* TMDAppDelegate.m in Sources */ = {isa = PBXBuildFile; fileRef = 6376D8C61989BDE000405622 /* TMDAppDelegate.m */; };
		6376D8CA1989BDE000405622 /* Main.storyboard in Resources */ = {isa = PBXBuildFile; fileRef = 6376D8C81989BDE000405622 /* Main.storyboard */; };
		6376D8CD1989BDE000405622 /* TMDViewController.m in Sources */ = {isa = PBXBuildFile; fileRef = 6376D8CC1989BDE000405622 /* TMDViewController.m */; };
		6376D8CF1989BDE000405622 /* Images.xcassets in Resources */ = {isa = PBXBuildFile; fileRef = 6376D8CE1989BDE000405622 /* Images.xcassets */; };
		6376D8D61989BDE000405622 /* XCTest.framework in Frameworks */ = {isa = PBXBuildFile; fileRef = 6376D8D51989BDE000405622 /* XCTest.framework */; };
		6376D8D71989BDE000405622 /* Foundation.framework in Frameworks */ = {isa = PBXBuildFile; fileRef = 6376D8B61989BDE000405622 /* Foundation.framework */; };
		6376D8D81989BDE000405622 /* UIKit.framework in Frameworks */ = {isa = PBXBuildFile; fileRef = 6376D8BA1989BDE000405622 /* UIKit.framework */; };
		6376D8E01989BDE000405622 /* InfoPlist.strings in Resources */ = {isa = PBXBuildFile; fileRef = 6376D8DE1989BDE000405622 /* InfoPlist.strings */; };
		6376D8E21989BDE000405622 /* SimonSaysTests.m in Sources */ = {isa = PBXBuildFile; fileRef = 6376D8E11989BDE000405622 /* SimonSaysTests.m */; };
/* End PBXBuildFile section */

/* Begin PBXContainerItemProxy section */
		6376D8D91989BDE000405622 /* PBXContainerItemProxy */ = {
			isa = PBXContainerItemProxy;
			containerPortal = 6376D8AB1989BDE000405622 /* Project object */;
			proxyType = 1;
			remoteGlobalIDString = 6376D8B21989BDE000405622;
			remoteInfo = SimonSays;
		};
/* End PBXContainerItemProxy section */

/* Begin PBXFileReference section */
		6376D8B31989BDE000405622 /* SimonSays.app */ = {isa = PBXFileReference; explicitFileType = wrapper.application; includeInIndex = 0; path = SimonSays.app; sourceTree = BUILT_PRODUCTS_DIR; };
		6376D8B61989BDE000405622 /* Foundation.framework */ = {isa = PBXFileReference; lastKnownFileType = wrapper.framework; name = Foundation.framework; path = System/Library/Frameworks/Foundation.framework; sourceTree = SDKROOT; };
		6376D8B81989BDE000405622 /* CoreGraphics.framework */ = {isa = PBXFileReference; lastKnownFileType = wrapper.framework; name = CoreGraphics.framework; path = System/Library/Frameworks/CoreGraphics.framework; sourceTree = SDKROOT; };
		6376D8BA1989BDE000405622 /* UIKit.framework */ = {isa = PBXFileReference; lastKnownFileType = wrapper.framework; name = UIKit.framework; path = System/Library/Frameworks/UIKit.framework; sourceTree = SDKROOT; };
		6376D8BE1989BDE000405622 /* SimonSays-Info.plist */ = {isa = PBXFileReference; lastKnownFileType = text.plist.xml; path = "SimonSays-Info.plist"; sourceTree = "<group>"; };
		6376D8C01989BDE000405622 /* en */ = {isa = PBXFileReference; lastKnownFileType = text.plist.strings; name = en; path = en.lproj/InfoPlist.strings; sourceTree = "<group>"; };
		6376D8C21989BDE000405622 /* main.m */ = {isa = PBXFileReference; lastKnownFileType = sourcecode.c.objc; path = main.m; sourceTree = "<group>"; };
		6376D8C41989BDE000405622 /* SimonSays-Prefix.pch */ = {isa = PBXFileReference; lastKnownFileType = sourcecode.c.h; path = "SimonSays-Prefix.pch"; sourceTree = "<group>"; };
		6376D8C51989BDE000405622 /* TMDAppDelegate.h */ = {isa = PBXFileReference; lastKnownFileType = sourcecode.c.h; path = TMDAppDelegate.h; sourceTree = "<group>"; };
		6376D8C61989BDE000405622 /* TMDAppDelegate.m */ = {isa = PBXFileReference; lastKnownFileType = sourcecode.c.objc; path = TMDAppDelegate.m; sourceTree = "<group>"; };
		6376D8C91989BDE000405622 /* Base */ = {isa = PBXFileReference; lastKnownFileType = file.storyboard; name = Base; path = Base.lproj/Main.storyboard; sourceTree = "<group>"; };
		6376D8CB1989BDE000405622 /* TMDViewController.h */ = {isa = PBXFileReference; lastKnownFileType = sourcecode.c.h; path = TMDViewController.h; sourceTree = "<group>"; };
		6376D8CC1989BDE000405622 /* TMDViewController.m */ = {isa = PBXFileReference; lastKnownFileType = sourcecode.c.objc; path = TMDViewController.m; sourceTree = "<group>"; };
		6376D8CE1989BDE000405622 /* Images.xcassets */ = {isa = PBXFileReference; lastKnownFileType = folder.assetcatalog; path = Images.xcassets; sourceTree = "<group>"; };
		6376D8D41989BDE000405622 /* SimonSaysTests.xctest */ = {isa = PBXFileReference; explicitFileType = wrapper.cfbundle; includeInIndex = 0; path = SimonSaysTests.xctest; sourceTree = BUILT_PRODUCTS_DIR; };
		6376D8D51989BDE000405622 /* XCTest.framework */ = {isa = PBXFileReference; lastKnownFileType = wrapper.framework; name = XCTest.framework; path = Library/Frameworks/XCTest.framework; sourceTree = DEVELOPER_DIR; };
		6376D8DD1989BDE000405622 /* SimonSaysTests-Info.plist */ = {isa = PBXFileReference; lastKnownFileType = text.plist.xml; path = "SimonSaysTests-Info.plist"; sourceTree = "<group>"; };
		6376D8DF1989BDE000405622 /* en */ = {isa = PBXFileReference; lastKnownFileType = text.plist.strings; name = en; path = en.lproj/InfoPlist.strings; sourceTree = "<group>"; };
		6376D8E11989BDE000405622 /* SimonSaysTests.m */ = {isa = PBXFileReference; lastKnownFileType = sourcecode.c.objc; path = SimonSaysTests.m; sourceTree = "<group>"; };
/* End PBXFileReference section */

/* Begin PBXFrameworksBuildPhase section */
		6376D8B01989BDE000405622 /* Frameworks */ = {
			isa = PBXFrameworksBuildPhase;
			buildActionMask = 2147483647;
			files = (
				6376D8B91989BDE000405622 /* CoreGraphics.framework in Frameworks */,
				6376D8BB1989BDE000405622 /* UIKit.framework in Frameworks */,
				6376D8B71989BDE000405622 /* Foundation.framework in Frameworks */,
			);
			runOnlyForDeploymentPostprocessing = 0;
		};
		6376D8D11989BDE000405622 /* Frameworks */ = {
			isa = PBXFrameworksBuildPhase;
			buildActionMask = 2147483647;
			files = (
				6376D8D61989BDE000405622 /* XCTest.framework in Frameworks */,
				6376D8D81989BDE000405622 /* UIKit.framework in Frameworks */,
				6376D8D71989BDE000405622 /* Foundation.framework in Frameworks */,
			);
			runOnlyForDeploymentPostprocessing = 0;
		};
/* End PBXFrameworksBuildPhase section */

/* Begin PBXGroup section */
		6376D8AA1989BDE000405622 = {
			isa = PBXGroup;
			children = (
				6376D8BC1989BDE000405622 /* SimonSays */,
				6376D8DB1989BDE000405622 /* SimonSaysTests */,
				6376D8B51989BDE000405622 /* Frameworks */,
				6376D8B41989BDE000405622 /* Products */,
			);
			sourceTree = "<group>";
		};
		6376D8B41989BDE000405622 /* Products */ = {
			isa = PBXGroup;
			children = (
				6376D8B31989BDE000405622 /* SimonSays.app */,
				6376D8D41989BDE000405622 /* SimonSaysTests.xctest */,
			);
			name = Products;
			sourceTree = "<group>";
		};
		6376D8B51989BDE000405622 /* Frameworks */ = {
			isa = PBXGroup;
			children = (
				6376D8B61989BDE000405622 /* Foundation.framework */,
				6376D8B81989BDE000405622 /* CoreGraphics.framework */,
				6376D8BA1989BDE000405622 /* UIKit.framework */,
				6376D8D51989BDE000405622 /* XCTest.framework */,
			);
			name = Frameworks;
			sourceTree = "<group>";
		};
		6376D8BC1989BDE000405622 /* SimonSays */ = {
			isa = PBXGroup;
			children = (
				6376D8C51989BDE000405622 /* TMDAppDelegate.h */,
				6376D8C61989BDE000405622 /* TMDAppDelegate.m */,
				6376D8C81989BDE000405622 /* Main.storyboard */,
				6376D8CB1989BDE000405622 /* TMDViewController.h */,
				6376D8CC1989BDE000405622 /* TMDViewController.m */,
				6376D8CE1989BDE000405622 /* Images.xcassets */,
				6376D8BD1989BDE000405622 /* Supporting Files */,
			);
			path = SimonSays;
			sourceTree = "<group>";
		};
		6376D8BD1989BDE000405622 /* Supporting Files */ = {
			isa = PBXGroup;
			children = (
				6376D8BE1989BDE000405622 /* SimonSays-Info.plist */,
				6376D8BF1989BDE000405622 /* InfoPlist.strings */,
				6376D8C21989BDE000405622 /* main.m */,
				6376D8C41989BDE000405622 /* SimonSays-Prefix.pch */,
			);
			name = "Supporting Files";
			sourceTree = "<group>";
		};
		6376D8DB1989BDE000405622 /* SimonSaysTests */ = {
			isa = PBXGroup;
			children = (
				6376D8E11989BDE000405622 /* SimonSaysTests.m */,
				6376D8DC1989BDE000405622 /* Supporting Files */,
			);
			path = SimonSaysTests;
			sourceTree = "<group>";
		};
		6376D8DC1989BDE000405622 /* Supporting Files */ = {
			isa = PBXGroup;
			children = (
				6376D8DD1989BDE000405622 /* SimonSaysTests-Info.plist */,
				6376D8DE1989BDE000405622 /* InfoPlist.strings */,
			);
			name = "Supporting Files";
			sourceTree = "<group>";
		};
/* End PBXGroup section */

/* Begin PBXNativeTarget section */
		6376D8B21989BDE000405622 /* SimonSays */ = {
			isa = PBXNativeTarget;
			buildConfigurationList = 6376D8E51989BDE000405622 /* Build configuration list for PBXNativeTarget "SimonSays" */;
			buildPhases = (
				6376D8AF1989BDE000405622 /* Sources */,
				6376D8B01989BDE000405622 /* Frameworks */,
				6376D8B11989BDE000405622 /* Resources */,
			);
			buildRules = (
			);
			dependencies = (
			);
			name = SimonSays;
			productName = SimonSays;
			productReference = 6376D8B31989BDE000405622 /* SimonSays.app */;
			productType = "com.apple.product-type.application";
		};
		6376D8D31989BDE000405622 /* SimonSaysTests */ = {
			isa = PBXNativeTarget;
			buildConfigurationList = 6376D8E81989BDE000405622 /* Build configuration list for PBXNativeTarget "SimonSaysTests" */;
			buildPhases = (
				6376D8D01989BDE000405622 /* Sources */,
				6376D8D11989BDE000405622 /* Frameworks */,
				6376D8D21989BDE000405622 /* Resources */,
			);
			buildRules = (
			);
			dependencies = (
				6376D8DA1989BDE000405622 /* PBXTargetDependency */,
			);
			name = SimonSaysTests;
			productName = SimonSaysTests;
			productReference = 6376D8D41989BDE000405622 /* SimonSaysTests.xctest */;
			productType = "com.apple.product-type.bundle.unit-test";
		};
/* End PBXNativeTarget section */

/* Begin PBXProject section */
		6376D8AB1989BDE000405622 /* Project object */ = {
			isa = PBXProject;
			attributes = {
				CLASSPREFIX = TMD;
				LastUpgradeCheck = 0510;
				ORGANIZATIONNAME = "Tom Daggett";
				TargetAttributes = {
					6376D8D31989BDE000405622 = {
						TestTargetID = 6376D8B21989BDE000405622;
					};
				};
			};
			buildConfigurationList = 6376D8AE1989BDE000405622 /* Build configuration list for PBXProject "SimonSays" */;
			compatibilityVersion = "Xcode 3.2";
			developmentRegion = English;
			hasScannedForEncodings = 0;
			knownRegions = (
				en,
				Base,
			);
			mainGroup = 6376D8AA1989BDE000405622;
			productRefGroup = 6376D8B41989BDE000405622 /* Products */;
			projectDirPath = "";
			projectRoot = "";
			targets = (
				6376D8B21989BDE000405622 /* SimonSays */,
				6376D8D31989BDE000405622 /* SimonSaysTests */,
			);
		};
/* End PBXProject section */

/* Begin PBXResourcesBuildPhase section */
		6376D8B11989BDE000405622 /* Resources */ = {
			isa = PBXResourcesBuildPhase;
			buildActionMask = 2147483647;
			files = (
				6376D8CF1989BDE000405622 /* Images.xcassets in Resources */,
				6376D8C11989BDE000405622 /* InfoPlist.strings in Resources */,
				6376D8CA1989BDE000405622 /* Main.storyboard in Resources */,
			);
			runOnlyForDeploymentPostprocessing = 0;
		};
		6376D8D21989BDE000405622 /* Resources */ = {
			isa = PBXResourcesBuildPhase;
			buildActionMask = 2147483647;
			files = (
				6376D8E01989BDE000405622 /* InfoPlist.strings in Resources */,
			);
			runOnlyForDeploymentPostprocessing = 0;
		};
/* End PBXResourcesBuildPhase section */

/* Begin PBXSourcesBuildPhase section */
		6376D8AF1989BDE000405622 /* Sources */ = {
			isa = PBXSourcesBuildPhase;
			buildActionMask = 2147483647;
			files = (
				6376D8C71989BDE000405622 /* TMDAppDelegate.m in Sources */,
				6376D8C31989BDE000405622 /* main.m in Sources */,
				6376D8CD1989BDE000405622 /* TMDViewController.m in Sources */,
			);
			runOnlyForDeploymentPostprocessing = 0;
		};
		6376D8D01989BDE000405622 /* Sources */ = {
			isa = PBXSourcesBuildPhase;
			buildActionMask = 2147483647;
			files = (
				6376D8E21989BDE000405622 /* SimonSaysTests.m in Sources */,
			);
			runOnlyForDeploymentPostprocessing = 0;
		};
/* End PBXSourcesBuildPhase section */

/* Begin PBXTargetDependency section */
		6376D8DA1989BDE000405622 /* PBXTargetDependency */ = {
			isa = PBXTargetDependency;
			target = 6376D8B21989BDE000405622 /* SimonSays */;
			targetProxy = 6376D8D91989BDE000405622 /* PBXContainerItemProxy */;
		};
/* End PBXTargetDependency section */

/* Begin PBXVariantGroup section */
		6376D8BF1989BDE000405622 /* InfoPlist.strings */ = {
			isa = PBXVariantGroup;
			children = (
				6376D8C01989BDE000405622 /* en */,
			);
			name = InfoPlist.strings;
			sourceTree = "<group>";
		};
		6376D8C81989BDE000405622 /* Main.storyboard */ = {
			isa = PBXVariantGroup;
			children = (
				6376D8C91989BDE000405622 /* Base */,
			);
			name = Main.storyboard;
			sourceTree = "<group>";
		};
		6376D8DE1989BDE000405622 /* InfoPlist.strings */ = {
			isa = PBXVariantGroup;
			children = (
				6376D8DF1989BDE000405622 /* en */,
			);
			name = InfoPlist.strings;
			sourceTree = "<group>";
		};
/* End PBXVariantGroup section */

/* Begin XCBuildConfiguration section */
		6376D8E31989BDE000405622 /* Debug */ = {
			isa = XCBuildConfiguration;
			buildSettings = {
				ALWAYS_SEARCH_USER_PATHS = NO;
				CLANG_CXX_LANGUAGE_STANDARD = "gnu++0x";
				CLANG_CXX_LIBRARY = "libc++";
				CLANG_ENABLE_MODULES = YES;
				CLANG_ENABLE_OBJC_ARC = YES;
				CLANG_WARN_BOOL_CONVERSION = YES;
				CLANG_WARN_CONSTANT_CONVERSION = YES;
				CLANG_WARN_DIRECT_OBJC_ISA_USAGE = YES_ERROR;
				CLANG_WARN_EMPTY_BODY = YES;
				CLANG_WARN_ENUM_CONVERSION = YES;
				CLANG_WARN_INT_CONVERSION = YES;
				CLANG_WARN_OBJC_ROOT_CLASS = YES_ERROR;
				CLANG_WARN__DUPLICATE_METHOD_MATCH = YES;
				"CODE_SIGN_IDENTITY[sdk=iphoneos*]" = "iPhone Developer";
				COPY_PHASE_STRIP = NO;
				GCC_C_LANGUAGE_STANDARD = gnu99;
				GCC_DYNAMIC_NO_PIC = NO;
				GCC_OPTIMIZATION_LEVEL = 0;
				GCC_PREPROCESSOR_DEFINITIONS = (
					"DEBUG=1",
					"$(inherited)",
				);
				GCC_SYMBOLS_PRIVATE_EXTERN = NO;
				GCC_WARN_64_TO_32_BIT_CONVERSION = YES;
				GCC_WARN_ABOUT_RETURN_TYPE = YES_ERROR;
				GCC_WARN_UNDECLARED_SELECTOR = YES;
				GCC_WARN_UNINITIALIZED_AUTOS = YES_AGGRESSIVE;
				GCC_WARN_UNUSED_FUNCTION = YES;
				GCC_WARN_UNUSED_VARIABLE = YES;
				IPHONEOS_DEPLOYMENT_TARGET = 7.1;
				ONLY_ACTIVE_ARCH = YES;
				SDKROOT = iphoneos;
			};
			name = Debug;
		};
		6376D8E41989BDE000405622 /* Release */ = {
			isa = XCBuildConfiguration;
			buildSettings = {
				ALWAYS_SEARCH_USER_PATHS = NO;
				CLANG_CXX_LANGUAGE_STANDARD = "gnu++0x";
				CLANG_CXX_LIBRARY = "libc++";
				CLANG_ENABLE_MODULES = YES;
				CLANG_ENABLE_OBJC_ARC = YES;
				CLANG_WARN_BOOL_CONVERSION = YES;
				CLANG_WARN_CONSTANT_CONVERSION = YES;
				CLANG_WARN_DIRECT_OBJC_ISA_USAGE = YES_ERROR;
				CLANG_WARN_EMPTY_BODY = YES;
				CLANG_WARN_ENUM_CONVERSION = YES;
				CLANG_WARN_INT_CONVERSION = YES;
				CLANG_WARN_OBJC_ROOT_CLASS = YES_ERROR;
				CLANG_WARN__DUPLICATE_METHOD_MATCH = YES;
				"CODE_SIGN_IDENTITY[sdk=iphoneos*]" = "iPhone Developer";
				COPY_PHASE_STRIP = YES;
				ENABLE_NS_ASSERTIONS = NO;
				GCC_C_LANGUAGE_STANDARD = gnu99;
				GCC_WARN_64_TO_32_BIT_CONVERSION = YES;
				GCC_WARN_ABOUT_RETURN_TYPE = YES_ERROR;
				GCC_WARN_UNDECLARED_SELECTOR = YES;
				GCC_WARN_UNINITIALIZED_AUTOS = YES_AGGRESSIVE;
				GCC_WARN_UNUSED_FUNCTION = YES;
				GCC_WARN_UNUSED_VARIABLE = YES;
				IPHONEOS_DEPLOYMENT_TARGET = 7.1;
				SDKROOT = iphoneos;
				VALIDATE_PRODUCT = YES;
			};
			name = Release;
		};
		6376D8E61989BDE000405622 /* Debug */ = {
			isa = XCBuildConfiguration;
			buildSettings = {
				ASSETCATALOG_COMPILER_APPICON_NAME = AppIcon;
				ASSETCATALOG_COMPILER_LAUNCHIMAGE_NAME = LaunchImage;
				GCC_PRECOMPILE_PREFIX_HEADER = YES;
				GCC_PREFIX_HEADER = "SimonSays/SimonSays-Prefix.pch";
				INFOPLIST_FILE = "SimonSays/SimonSays-Info.plist";
				PRODUCT_NAME = "$(TARGET_NAME)";
				WRAPPER_EXTENSION = app;
			};
			name = Debug;
		};
		6376D8E71989BDE000405622 /* Release */ = {
			isa = XCBuildConfiguration;
			buildSettings = {
				ASSETCATALOG_COMPILER_APPICON_NAME = AppIcon;
				ASSETCATALOG_COMPILER_LAUNCHIMAGE_NAME = LaunchImage;
				GCC_PRECOMPILE_PREFIX_HEADER = YES;
				GCC_PREFIX_HEADER = "SimonSays/SimonSays-Prefix.pch";
				INFOPLIST_FILE = "SimonSays/SimonSays-Info.plist";
				PRODUCT_NAME = "$(TARGET_NAME)";
				WRAPPER_EXTENSION = app;
			};
			name = Release;
		};
		6376D8E91989BDE000405622 /* Debug */ = {
			isa = XCBuildConfiguration;
			buildSettings = {
				BUNDLE_LOADER = "$(BUILT_PRODUCTS_DIR)/SimonSays.app/SimonSays";
				FRAMEWORK_SEARCH_PATHS = (
					"$(SDKROOT)/Developer/Library/Frameworks",
					"$(inherited)",
					"$(DEVELOPER_FRAMEWORKS_DIR)",
				);
				GCC_PRECOMPILE_PREFIX_HEADER = YES;
				GCC_PREFIX_HEADER = "SimonSays/SimonSays-Prefix.pch";
				GCC_PREPROCESSOR_DEFINITIONS = (
					"DEBUG=1",
					"$(inherited)",
				);
				INFOPLIST_FILE = "SimonSaysTests/SimonSaysTests-Info.plist";
				PRODUCT_NAME = "$(TARGET_NAME)";
				TEST_HOST = "$(BUNDLE_LOADER)";
				WRAPPER_EXTENSION = xctest;
			};
			name = Debug;
		};
		6376D8EA1989BDE000405622 /* Release */ = {
			isa = XCBuildConfiguration;
			buildSettings = {
				BUNDLE_LOADER = "$(BUILT_PRODUCTS_DIR)/SimonSays.app/SimonSays";
				FRAMEWORK_SEARCH_PATHS = (
					"$(SDKROOT)/Developer/Library/Frameworks",
					"$(inherited)",
					"$(DEVELOPER_FRAMEWORKS_DIR)",
				);
				GCC_PRECOMPILE_PREFIX_HEADER = YES;
				GCC_PREFIX_HEADER = "SimonSays/SimonSays-Prefix.pch";
				INFOPLIST_FILE = "SimonSaysTests/SimonSaysTests-Info.plist";
				PRODUCT_NAME = "$(TARGET_NAME)";
				TEST_HOST = "$(BUNDLE_LOADER)";
				WRAPPER_EXTENSION = xctest;
			};
			name = Release;
		};
/* End XCBuildConfiguration section */

/* Begin XCConfigurationList section */
		6376D8AE1989BDE000405622 /* Build configuration list for PBXProject "SimonSays" */ = {
			isa = XCConfigurationList;
			buildConfigurations = (
				6376D8E31989BDE000405622 /* Debug */,
				6376D8E41989BDE000405622 /* Release */,
			);
			defaultConfigurationIsVisible = 0;
			defaultConfigurationName = Release;
		};
		6376D8E51989BDE000405622 /* Build configuration list for PBXNativeTarget "SimonSays" */ = {
			isa = XCConfigurationList;
			buildConfigurations = (
				6376D8E61989BDE000405622 /* Debug */,
				6376D8E71989BDE000405622 /* Release */,
			);
			defaultConfigurationIsVisible = 0;
		};
		6376D8E81989BDE000405622 /* Build configuration list for PBXNativeTarget "SimonSaysTests" */ = {
			isa = XCConfigurationList;
			buildConfigurations = (
				6376D8E91989BDE000405622 /* Debug */,
				6376D8EA1989BDE000405622 /* Release */,
			);
			defaultConfigurationIsVisible = 0;
		};
/* End XCConfigurationList section */
	};
	rootObject = 6376D8AB1989BDE000405622 /* Project object */;
}
